// !$*UTF8*$!
{
	archiveVersion = 1;
	classes = {
	};
	objectVersion = 48;
	objects = {

/* Begin PBXBuildFile section */
		B55DC6B91FBD3BAE008B7A3C /* AppDelegate.m in Sources */ = {isa = PBXBuildFile; fileRef = B55DC6B81FBD3BAE008B7A3C /* AppDelegate.m */; };
		B55DC6BC1FBD3BAE008B7A3C /* ViewController.m in Sources */ = {isa = PBXBuildFile; fileRef = B55DC6BB1FBD3BAE008B7A3C /* ViewController.m */; };
		B55DC6BE1FBD3BAE008B7A3C /* Assets.xcassets in Resources */ = {isa = PBXBuildFile; fileRef = B55DC6BD1FBD3BAE008B7A3C /* Assets.xcassets */; };
		B55DC6C11FBD3BAE008B7A3C /* Main.storyboard in Resources */ = {isa = PBXBuildFile; fileRef = B55DC6BF1FBD3BAE008B7A3C /* Main.storyboard */; };
		B55DC6C41FBD3BAE008B7A3C /* main.m in Sources */ = {isa = PBXBuildFile; fileRef = B55DC6C31FBD3BAE008B7A3C /* main.m */; };
		B55DC6F01FBD3BD0008B7A3C /* XPC_Helper.m in Sources */ = {isa = PBXBuildFile; fileRef = B55DC6EF1FBD3BD0008B7A3C /* XPC_Helper.m */; };
		B55DC6F21FBD3BD0008B7A3C /* main.m in Sources */ = {isa = PBXBuildFile; fileRef = B55DC6F11FBD3BD0008B7A3C /* main.m */; };
		B55DC6F61FBD3BD0008B7A3C /* XPC Helper.xpc in Embed XPC Services */ = {isa = PBXBuildFile; fileRef = B55DC6EB1FBD3BD0008B7A3C /* XPC Helper.xpc */; settings = {ATTRIBUTES = (RemoveHeadersOnCopy, ); }; };
		B55DC7031FBD558D008B7A3C /* XPC Helper.xpc in Copy Files */ = {isa = PBXBuildFile; fileRef = B55DC6EB1FBD3BD0008B7A3C /* XPC Helper.xpc */; settings = {ATTRIBUTES = (RemoveHeadersOnCopy, ); }; };
/* End PBXBuildFile section */

/* Begin PBXContainerItemProxy section */
		B55DC6F41FBD3BD0008B7A3C /* PBXContainerItemProxy */ = {
			isa = PBXContainerItemProxy;
			containerPortal = B55DC6AC1FBD3BAE008B7A3C /* Project object */;
			proxyType = 1;
			remoteGlobalIDString = B55DC6EA1FBD3BD0008B7A3C;
			remoteInfo = "XPC Helper";
		};
/* End PBXContainerItemProxy section */

/* Begin PBXCopyFilesBuildPhase section */
		B55DC6FA1FBD3BD0008B7A3C /* Embed XPC Services */ = {
			isa = PBXCopyFilesBuildPhase;
			buildActionMask = 8;
			dstPath = "$(CONTENTS_FOLDER_PATH)/XPCServices";
			dstSubfolderSpec = 16;
			files = (
				B55DC6F61FBD3BD0008B7A3C /* XPC Helper.xpc in Embed XPC Services */,
			);
			name = "Embed XPC Services";
			runOnlyForDeploymentPostprocessing = 1;
		};
		B55DC7021FBD5582008B7A3C /* Copy Files */ = {
			isa = PBXCopyFilesBuildPhase;
			buildActionMask = 2147483647;
			dstPath = "$(CONTENTS_FOLDER_PATH)/XPCServices";
			dstSubfolderSpec = 16;
			files = (
				B55DC7031FBD558D008B7A3C /* XPC Helper.xpc in Copy Files */,
			);
			name = "Copy Files";
			runOnlyForDeploymentPostprocessing = 0;
		};
/* End PBXCopyFilesBuildPhase section */

/* Begin PBXFileReference section */
		B55DC6B41FBD3BAE008B7A3C /* FRXPCApp.app */ = {isa = PBXFileReference; explicitFileType = wrapper.application; includeInIndex = 0; path = FRXPCApp.app; sourceTree = BUILT_PRODUCTS_DIR; };
		B55DC6B71FBD3BAE008B7A3C /* AppDelegate.h */ = {isa = PBXFileReference; lastKnownFileType = sourcecode.c.h; path = AppDelegate.h; sourceTree = "<group>"; };
		B55DC6B81FBD3BAE008B7A3C /* AppDelegate.m */ = {isa = PBXFileReference; lastKnownFileType = sourcecode.c.objc; path = AppDelegate.m; sourceTree = "<group>"; };
		B55DC6BA1FBD3BAE008B7A3C /* ViewController.h */ = {isa = PBXFileReference; lastKnownFileType = sourcecode.c.h; path = ViewController.h; sourceTree = "<group>"; };
		B55DC6BB1FBD3BAE008B7A3C /* ViewController.m */ = {isa = PBXFileReference; lastKnownFileType = sourcecode.c.objc; path = ViewController.m; sourceTree = "<group>"; };
		B55DC6BD1FBD3BAE008B7A3C /* Assets.xcassets */ = {isa = PBXFileReference; lastKnownFileType = folder.assetcatalog; path = Assets.xcassets; sourceTree = "<group>"; };
		B55DC6C01FBD3BAE008B7A3C /* Base */ = {isa = PBXFileReference; lastKnownFileType = file.storyboard; name = Base; path = Base.lproj/Main.storyboard; sourceTree = "<group>"; };
		B55DC6C21FBD3BAE008B7A3C /* Info.plist */ = {isa = PBXFileReference; lastKnownFileType = text.plist.xml; path = Info.plist; sourceTree = "<group>"; };
		B55DC6C31FBD3BAE008B7A3C /* main.m */ = {isa = PBXFileReference; lastKnownFileType = sourcecode.c.objc; path = main.m; sourceTree = "<group>"; };
		B55DC6C51FBD3BAE008B7A3C /* FRXPCApp.entitlements */ = {isa = PBXFileReference; lastKnownFileType = text.plist.entitlements; path = FRXPCApp.entitlements; sourceTree = "<group>"; };
		B55DC6EB1FBD3BD0008B7A3C /* XPC Helper.xpc */ = {isa = PBXFileReference; explicitFileType = "wrapper.xpc-service"; includeInIndex = 0; path = "XPC Helper.xpc"; sourceTree = BUILT_PRODUCTS_DIR; };
		B55DC6ED1FBD3BD0008B7A3C /* XPC_HelperProtocol.h */ = {isa = PBXFileReference; lastKnownFileType = sourcecode.c.h; path = XPC_HelperProtocol.h; sourceTree = "<group>"; };
		B55DC6EE1FBD3BD0008B7A3C /* XPC_Helper.h */ = {isa = PBXFileReference; lastKnownFileType = sourcecode.c.h; path = XPC_Helper.h; sourceTree = "<group>"; };
		B55DC6EF1FBD3BD0008B7A3C /* XPC_Helper.m */ = {isa = PBXFileReference; lastKnownFileType = sourcecode.c.objc; path = XPC_Helper.m; sourceTree = "<group>"; };
		B55DC6F11FBD3BD0008B7A3C /* main.m */ = {isa = PBXFileReference; lastKnownFileType = sourcecode.c.objc; path = main.m; sourceTree = "<group>"; };
		B55DC6F31FBD3BD0008B7A3C /* Info.plist */ = {isa = PBXFileReference; lastKnownFileType = text.plist.xml; path = Info.plist; sourceTree = "<group>"; };
		B55DC7041FBD6505008B7A3C /* ClientProtocol.h */ = {isa = PBXFileReference; lastKnownFileType = sourcecode.c.h; path = ClientProtocol.h; sourceTree = "<group>"; };
		B55DC7101FBD86B4008B7A3C /* XPC Helper.entitlements */ = {isa = PBXFileReference; lastKnownFileType = text.plist.entitlements; path = "XPC Helper.entitlements"; sourceTree = "<group>"; };
/* End PBXFileReference section */

/* Begin PBXFrameworksBuildPhase section */
		B55DC6B11FBD3BAE008B7A3C /* Frameworks */ = {
			isa = PBXFrameworksBuildPhase;
			buildActionMask = 2147483647;
			files = (
			);
			runOnlyForDeploymentPostprocessing = 0;
		};
		B55DC6E81FBD3BD0008B7A3C /* Frameworks */ = {
			isa = PBXFrameworksBuildPhase;
			buildActionMask = 2147483647;
			files = (
			);
			runOnlyForDeploymentPostprocessing = 0;
		};
/* End PBXFrameworksBuildPhase section */

/* Begin PBXGroup section */
		B55DC6AB1FBD3BAE008B7A3C = {
			isa = PBXGroup;
			children = (
				B55DC6B61FBD3BAE008B7A3C /* FRXPCApp */,
				B55DC6EC1FBD3BD0008B7A3C /* XPC Helper */,
				B55DC6B51FBD3BAE008B7A3C /* Products */,
			);
			sourceTree = "<group>";
		};
		B55DC6B51FBD3BAE008B7A3C /* Products */ = {
			isa = PBXGroup;
			children = (
				B55DC6B41FBD3BAE008B7A3C /* FRXPCApp.app */,
				B55DC6EB1FBD3BD0008B7A3C /* XPC Helper.xpc */,
			);
			name = Products;
			sourceTree = "<group>";
		};
		B55DC6B61FBD3BAE008B7A3C /* FRXPCApp */ = {
			isa = PBXGroup;
			children = (
				B55DC6B71FBD3BAE008B7A3C /* AppDelegate.h */,
				B55DC6B81FBD3BAE008B7A3C /* AppDelegate.m */,
				B55DC6BA1FBD3BAE008B7A3C /* ViewController.h */,
				B55DC6BB1FBD3BAE008B7A3C /* ViewController.m */,
				B55DC7041FBD6505008B7A3C /* ClientProtocol.h */,
				B55DC6BD1FBD3BAE008B7A3C /* Assets.xcassets */,
				B55DC6BF1FBD3BAE008B7A3C /* Main.storyboard */,
				B55DC6C21FBD3BAE008B7A3C /* Info.plist */,
				B55DC6C31FBD3BAE008B7A3C /* main.m */,
				B55DC6C51FBD3BAE008B7A3C /* FRXPCApp.entitlements */,
			);
			path = FRXPCApp;
			sourceTree = "<group>";
		};
		B55DC6EC1FBD3BD0008B7A3C /* XPC Helper */ = {
			isa = PBXGroup;
			children = (
				B55DC7101FBD86B4008B7A3C /* XPC Helper.entitlements */,
				B55DC6ED1FBD3BD0008B7A3C /* XPC_HelperProtocol.h */,
				B55DC6EE1FBD3BD0008B7A3C /* XPC_Helper.h */,
				B55DC6EF1FBD3BD0008B7A3C /* XPC_Helper.m */,
				B55DC6F11FBD3BD0008B7A3C /* main.m */,
				B55DC6F31FBD3BD0008B7A3C /* Info.plist */,
			);
			path = "XPC Helper";
			sourceTree = "<group>";
		};
/* End PBXGroup section */

/* Begin PBXNativeTarget section */
		B55DC6B31FBD3BAE008B7A3C /* FRXPCApp */ = {
			isa = PBXNativeTarget;
			buildConfigurationList = B55DC6DE1FBD3BAE008B7A3C /* Build configuration list for PBXNativeTarget "FRXPCApp" */;
			buildPhases = (
				B55DC6B01FBD3BAE008B7A3C /* Sources */,
				B55DC6B11FBD3BAE008B7A3C /* Frameworks */,
				B55DC6B21FBD3BAE008B7A3C /* Resources */,
				B55DC6FA1FBD3BD0008B7A3C /* Embed XPC Services */,
				B55DC7021FBD5582008B7A3C /* Copy Files */,
			);
			buildRules = (
			);
			dependencies = (
				B55DC6F51FBD3BD0008B7A3C /* PBXTargetDependency */,
			);
			name = FRXPCApp;
			productName = FRXPCApp;
			productReference = B55DC6B41FBD3BAE008B7A3C /* FRXPCApp.app */;
			productType = "com.apple.product-type.application";
		};
		B55DC6EA1FBD3BD0008B7A3C /* XPC Helper */ = {
			isa = PBXNativeTarget;
			buildConfigurationList = B55DC6F71FBD3BD0008B7A3C /* Build configuration list for PBXNativeTarget "XPC Helper" */;
			buildPhases = (
				B55DC6E71FBD3BD0008B7A3C /* Sources */,
				B55DC6E81FBD3BD0008B7A3C /* Frameworks */,
				B55DC6E91FBD3BD0008B7A3C /* Resources */,
			);
			buildRules = (
			);
			dependencies = (
			);
			name = "XPC Helper";
			productName = "XPC Helper";
			productReference = B55DC6EB1FBD3BD0008B7A3C /* XPC Helper.xpc */;
			productType = "com.apple.product-type.xpc-service";
		};
/* End PBXNativeTarget section */

/* Begin PBXProject section */
		B55DC6AC1FBD3BAE008B7A3C /* Project object */ = {
			isa = PBXProject;
			attributes = {
				LastUpgradeCheck = 0910;
				ORGANIZATIONNAME = "Fan's iMac ";
				TargetAttributes = {
					B55DC6B31FBD3BAE008B7A3C = {
						CreatedOnToolsVersion = 9.1;
						ProvisioningStyle = Automatic;
					};
					B55DC6EA1FBD3BD0008B7A3C = {
						CreatedOnToolsVersion = 9.1;
						ProvisioningStyle = Automatic;
						SystemCapabilities = {
							com.apple.Sandbox = {
								enabled = 1;
							};
						};
					};
				};
			};
			buildConfigurationList = B55DC6AF1FBD3BAE008B7A3C /* Build configuration list for PBXProject "FRXPCApp" */;
			compatibilityVersion = "Xcode 8.0";
			developmentRegion = en;
			hasScannedForEncodings = 0;
			knownRegions = (
				en,
				Base,
			);
			mainGroup = B55DC6AB1FBD3BAE008B7A3C;
			productRefGroup = B55DC6B51FBD3BAE008B7A3C /* Products */;
			projectDirPath = "";
			projectRoot = "";
			targets = (
				B55DC6B31FBD3BAE008B7A3C /* FRXPCApp */,
				B55DC6EA1FBD3BD0008B7A3C /* XPC Helper */,
			);
		};
/* End PBXProject section */

/* Begin PBXResourcesBuildPhase section */
		B55DC6B21FBD3BAE008B7A3C /* Resources */ = {
			isa = PBXResourcesBuildPhase;
			buildActionMask = 2147483647;
			files = (
				B55DC6BE1FBD3BAE008B7A3C /* Assets.xcassets in Resources */,
				B55DC6C11FBD3BAE008B7A3C /* Main.storyboard in Resources */,
			);
			runOnlyForDeploymentPostprocessing = 0;
		};
		B55DC6E91FBD3BD0008B7A3C /* Resources */ = {
			isa = PBXResourcesBuildPhase;
			buildActionMask = 2147483647;
			files = (
			);
			runOnlyForDeploymentPostprocessing = 0;
		};
/* End PBXResourcesBuildPhase section */

/* Begin PBXSourcesBuildPhase section */
		B55DC6B01FBD3BAE008B7A3C /* Sources */ = {
			isa = PBXSourcesBuildPhase;
			buildActionMask = 2147483647;
			files = (
				B55DC6BC1FBD3BAE008B7A3C /* ViewController.m in Sources */,
				B55DC6C41FBD3BAE008B7A3C /* main.m in Sources */,
				B55DC6B91FBD3BAE008B7A3C /* AppDelegate.m in Sources */,
			);
			runOnlyForDeploymentPostprocessing = 0;
		};
		B55DC6E71FBD3BD0008B7A3C /* Sources */ = {
			isa = PBXSourcesBuildPhase;
			buildActionMask = 2147483647;
			files = (
				B55DC6F21FBD3BD0008B7A3C /* main.m in Sources */,
				B55DC6F01FBD3BD0008B7A3C /* XPC_Helper.m in Sources */,
			);
			runOnlyForDeploymentPostprocessing = 0;
		};
/* End PBXSourcesBuildPhase section */

/* Begin PBXTargetDependency section */
		B55DC6F51FBD3BD0008B7A3C /* PBXTargetDependency */ = {
			isa = PBXTargetDependency;
			target = B55DC6EA1FBD3BD0008B7A3C /* XPC Helper */;
			targetProxy = B55DC6F41FBD3BD0008B7A3C /* PBXContainerItemProxy */;
		};
/* End PBXTargetDependency section */

/* Begin PBXVariantGroup section */
		B55DC6BF1FBD3BAE008B7A3C /* Main.storyboard */ = {
			isa = PBXVariantGroup;
			children = (
				B55DC6C01FBD3BAE008B7A3C /* Base */,
			);
			name = Main.storyboard;
			sourceTree = "<group>";
		};
/* End PBXVariantGroup section */

/* Begin XCBuildConfiguration section */
		B55DC6DC1FBD3BAE008B7A3C /* Debug */ = {
			isa = XCBuildConfiguration;
			buildSettings = {
				ALWAYS_SEARCH_USER_PATHS = NO;
				CLANG_ANALYZER_NONNULL = YES;
				CLANG_ANALYZER_NUMBER_OBJECT_CONVERSION = YES_AGGRESSIVE;
				CLANG_CXX_LANGUAGE_STANDARD = "gnu++14";
				CLANG_CXX_LIBRARY = "libc++";
				CLANG_ENABLE_MODULES = YES;
				CLANG_ENABLE_OBJC_ARC = YES;
				CLANG_WARN_BLOCK_CAPTURE_AUTORELEASING = YES;
				CLANG_WARN_BOOL_CONVERSION = YES;
				CLANG_WARN_COMMA = YES;
				CLANG_WARN_CONSTANT_CONVERSION = YES;
				CLANG_WARN_DIRECT_OBJC_ISA_USAGE = YES_ERROR;
				CLANG_WARN_DOCUMENTATION_COMMENTS = YES;
				CLANG_WARN_EMPTY_BODY = YES;
				CLANG_WARN_ENUM_CONVERSION = YES;
				CLANG_WARN_INFINITE_RECURSION = YES;
				CLANG_WARN_INT_CONVERSION = YES;
				CLANG_WARN_NON_LITERAL_NULL_CONVERSION = YES;
				CLANG_WARN_OBJC_LITERAL_CONVERSION = YES;
				CLANG_WARN_OBJC_ROOT_CLASS = YES_ERROR;
				CLANG_WARN_RANGE_LOOP_ANALYSIS = YES;
				CLANG_WARN_STRICT_PROTOTYPES = YES;
				CLANG_WARN_SUSPICIOUS_MOVE = YES;
				CLANG_WARN_UNGUARDED_AVAILABILITY = YES_AGGRESSIVE;
				CLANG_WARN_UNREACHABLE_CODE = YES;
				CLANG_WARN__DUPLICATE_METHOD_MATCH = YES;
				CODE_SIGN_IDENTITY = "Mac Developer";
				COPY_PHASE_STRIP = NO;
				DEBUG_INFORMATION_FORMAT = dwarf;
				ENABLE_STRICT_OBJC_MSGSEND = YES;
				ENABLE_TESTABILITY = YES;
				GCC_C_LANGUAGE_STANDARD = gnu11;
				GCC_DYNAMIC_NO_PIC = NO;
				GCC_NO_COMMON_BLOCKS = YES;
				GCC_OPTIMIZATION_LEVEL = 0;
				GCC_PREPROCESSOR_DEFINITIONS = (
					"DEBUG=1",
					"$(inherited)",
				);
				GCC_WARN_64_TO_32_BIT_CONVERSION = YES;
				GCC_WARN_ABOUT_RETURN_TYPE = YES_ERROR;
				GCC_WARN_UNDECLARED_SELECTOR = YES;
				GCC_WARN_UNINITIALIZED_AUTOS = YES_AGGRESSIVE;
				GCC_WARN_UNUSED_FUNCTION = YES;
				GCC_WARN_UNUSED_VARIABLE = YES;
				MACOSX_DEPLOYMENT_TARGET = 10.13;
				MTL_ENABLE_DEBUG_INFO = YES;
				ONLY_ACTIVE_ARCH = YES;
				SDKROOT = macosx;
			};
			name = Debug;
		};
		B55DC6DD1FBD3BAE008B7A3C /* Release */ = {
			isa = XCBuildConfiguration;
			buildSettings = {
				ALWAYS_SEARCH_USER_PATHS = NO;
				CLANG_ANALYZER_NONNULL = YES;
				CLANG_ANALYZER_NUMBER_OBJECT_CONVERSION = YES_AGGRESSIVE;
				CLANG_CXX_LANGUAGE_STANDARD = "gnu++14";
				CLANG_CXX_LIBRARY = "libc++";
				CLANG_ENABLE_MODULES = YES;
				CLANG_ENABLE_OBJC_ARC = YES;
				CLANG_WARN_BLOCK_CAPTURE_AUTORELEASING = YES;
				CLANG_WARN_BOOL_CONVERSION = YES;
				CLANG_WARN_COMMA = YES;
				CLANG_WARN_CONSTANT_CONVERSION = YES;
				CLANG_WARN_DIRECT_OBJC_ISA_USAGE = YES_ERROR;
				CLANG_WARN_DOCUMENTATION_COMMENTS = YES;
				CLANG_WARN_EMPTY_BODY = YES;
				CLANG_WARN_ENUM_CONVERSION = YES;
				CLANG_WARN_INFINITE_RECURSION = YES;
				CLANG_WARN_INT_CONVERSION = YES;
				CLANG_WARN_NON_LITERAL_NULL_CONVERSION = YES;
				CLANG_WARN_OBJC_LITERAL_CONVERSION = YES;
				CLANG_WARN_OBJC_ROOT_CLASS = YES_ERROR;
				CLANG_WARN_RANGE_LOOP_ANALYSIS = YES;
				CLANG_WARN_STRICT_PROTOTYPES = YES;
				CLANG_WARN_SUSPICIOUS_MOVE = YES;
				CLANG_WARN_UNGUARDED_AVAILABILITY = YES_AGGRESSIVE;
				CLANG_WARN_UNREACHABLE_CODE = YES;
				CLANG_WARN__DUPLICATE_METHOD_MATCH = YES;
				CODE_SIGN_IDENTITY = "Mac Developer";
				COPY_PHASE_STRIP = NO;
				DEBUG_INFORMATION_FORMAT = "dwarf-with-dsym";
				ENABLE_NS_ASSERTIONS = NO;
				ENABLE_STRICT_OBJC_MSGSEND = YES;
				GCC_C_LANGUAGE_STANDARD = gnu11;
				GCC_NO_COMMON_BLOCKS = YES;
				GCC_WARN_64_TO_32_BIT_CONVERSION = YES;
				GCC_WARN_ABOUT_RETURN_TYPE = YES_ERROR;
				GCC_WARN_UNDECLARED_SELECTOR = YES;
				GCC_WARN_UNINITIALIZED_AUTOS = YES_AGGRESSIVE;
				GCC_WARN_UNUSED_FUNCTION = YES;
				GCC_WARN_UNUSED_VARIABLE = YES;
				MACOSX_DEPLOYMENT_TARGET = 10.13;
				MTL_ENABLE_DEBUG_INFO = NO;
				SDKROOT = macosx;
			};
			name = Release;
		};
		B55DC6DF1FBD3BAE008B7A3C /* Debug */ = {
			isa = XCBuildConfiguration;
			buildSettings = {
				ASSETCATALOG_COMPILER_APPICON_NAME = AppIcon;
				CODE_SIGN_STYLE = Automatic;
				COMBINE_HIDPI_IMAGES = YES;
				DEVELOPMENT_TEAM = DZQ5YNVEU2;
				INFOPLIST_FILE = FRXPCApp/Info.plist;
				LD_RUNPATH_SEARCH_PATHS = "$(inherited) @executable_path/../Frameworks";
				PRODUCT_BUNDLE_IDENTIFIER = frank.FRXPCApp;
				PRODUCT_NAME = "$(TARGET_NAME)";
			};
			name = Debug;
		};
		B55DC6E01FBD3BAE008B7A3C /* Release */ = {
			isa = XCBuildConfiguration;
			buildSettings = {
				ASSETCATALOG_COMPILER_APPICON_NAME = AppIcon;
				CODE_SIGN_STYLE = Automatic;
				COMBINE_HIDPI_IMAGES = YES;
				DEVELOPMENT_TEAM = DZQ5YNVEU2;
				INFOPLIST_FILE = FRXPCApp/Info.plist;
				LD_RUNPATH_SEARCH_PATHS = "$(inherited) @executable_path/../Frameworks";
				PRODUCT_BUNDLE_IDENTIFIER = frank.FRXPCApp;
				PRODUCT_NAME = "$(TARGET_NAME)";
			};
			name = Release;
		};
		B55DC6F81FBD3BD0008B7A3C /* Debug */ = {
			isa = XCBuildConfiguration;
			buildSettings = {
				CODE_SIGN_ENTITLEMENTS = "XPC Helper/XPC Helper.entitlements";
				CODE_SIGN_STYLE = Automatic;
				COMBINE_HIDPI_IMAGES = YES;
				DEVELOPMENT_TEAM = DZQ5YNVEU2;
				INFOPLIST_FILE = "XPC Helper/Info.plist";
				PRODUCT_BUNDLE_IDENTIFIER = "frank.XPC-Helper";
				PRODUCT_NAME = "$(TARGET_NAME)";
				SKIP_INSTALL = YES;
			};
			name = Debug;
		};
		B55DC6F91FBD3BD0008B7A3C /* Release */ = {
			isa = XCBuildConfiguration;
			buildSettings = {
				CODE_SIGN_ENTITLEMENTS = "XPC Helper/XPC Helper.entitlements";
				CODE_SIGN_STYLE = Automatic;
				COMBINE_HIDPI_IMAGES = YES;
				DEVELOPMENT_TEAM = DZQ5YNVEU2;
				INFOPLIST_FILE = "XPC Helper/Info.plist";
				PRODUCT_BUNDLE_IDENTIFIER = "frank.XPC-Helper";
				PRODUCT_NAME = "$(TARGET_NAME)";
				SKIP_INSTALL = YES;
			};
			name = Release;
		};
/* End XCBuildConfiguration section */

/* Begin XCConfigurationList section */
		B55DC6AF1FBD3BAE008B7A3C /* Build configuration list for PBXProject "FRXPCApp" */ = {
			isa = XCConfigurationList;
			buildConfigurations = (
				B55DC6DC1FBD3BAE008B7A3C /* Debug */,
				B55DC6DD1FBD3BAE008B7A3C /* Release */,
			);
			defaultConfigurationIsVisible = 0;
			defaultConfigurationName = Release;
		};
		B55DC6DE1FBD3BAE008B7A3C /* Build configuration list for PBXNativeTarget "FRXPCApp" */ = {
			isa = XCConfigurationList;
			buildConfigurations = (
				B55DC6DF1FBD3BAE008B7A3C /* Debug */,
				B55DC6E01FBD3BAE008B7A3C /* Release */,
			);
			defaultConfigurationIsVisible = 0;
			defaultConfigurationName = Release;
		};
		B55DC6F71FBD3BD0008B7A3C /* Build configuration list for PBXNativeTarget "XPC Helper" */ = {
			isa = XCConfigurationList;
			buildConfigurations = (
				B55DC6F81FBD3BD0008B7A3C /* Debug */,
				B55DC6F91FBD3BD0008B7A3C /* Release */,
			);
			defaultConfigurationIsVisible = 0;
			defaultConfigurationName = Release;
		};
/* End XCConfigurationList section */
	};
	rootObject = B55DC6AC1FBD3BAE008B7A3C /* Project object */;
}
